
Microsoft Visual Studio Solution File, Format Version 12.00
# Visual Studio Version 17
VisualStudioVersion = 17.6.33801.468
MinimumVisualStudioVersion = 10.0.40219.1
Project("{FAE04EC0-301F-11D3-BF4B-00C04F79EFBC}") = "AoC-2023", "AoC-2023\AoC-2023.csproj", "{7D7EE9AA-1623-4FDB-9AE4-C51637645DF5}"
EndProject
Global
	GlobalSection(SolutionConfigurationPlatforms) = preSolution
		Debug|Any CPU = Debug|Any CPU
		Release|Any CPU = Release|Any CPU
	EndGlobalSection
	GlobalSection(ProjectConfigurationPlatforms) = postSolution
		{7D7EE9AA-1623-4FDB-9AE4-C51637645DF5}.Debug|Any CPU.ActiveCfg = Debug|Any CPU
		{7D7EE9AA-1623-4FDB-9AE4-C51637645DF5}.Debug|Any CPU.Build.0 = Debug|Any CPU
		{7D7EE9AA-1623-4FDB-9AE4-C51637645DF5}.Release|Any CPU.ActiveCfg = Release|Any CPU
		{7D7EE9AA-1623-4FDB-9AE4-C51637645DF5}.Release|Any CPU.Build.0 = Release|Any CPU
	EndGlobalSection
	GlobalSection(SolutionProperties) = preSolution
		HideSolutionNode = FALSE
	EndGlobalSection
	GlobalSection(ExtensibilityGlobals) = postSolution
		SolutionGuid = {45BEDBEB-CE73-47C0-9D10-0A7914D739B5}
	EndGlobalSection
EndGlobal
